// !$*UTF8*$!
{
	archiveVersion = 1;
	classes = {
	};
	objectVersion = 54;
	objects = {

/* Begin PBXBuildFile section */
		161F1BEA3DD72A09E013577C /* IdleWorldWidget.swift in Sources */ = {isa = PBXBuildFile; fileRef = 7E471DA2526411FEBD4383D5 /* IdleWorldWidget.swift */; };
		1CCCFF294191693CD675D393 /* RootView.swift in Sources */ = {isa = PBXBuildFile; fileRef = 83CD9100935F31FD663B8223 /* RootView.swift */; };
		1EF40A72980F29E29EA9B506 /* WidgetKit.framework in Frameworks */ = {isa = PBXBuildFile; fileRef = 053D1FD6F4525D2BB035EC49 /* WidgetKit.framework */; };
		2BD72D71D91D7BD86AB485D7 /* Haptics.swift in Sources */ = {isa = PBXBuildFile; fileRef = EEBBA47B42E426C6CC525609 /* Haptics.swift */; };
		37D07C2332613FBCA779E87B /* GameState.swift in Sources */ = {isa = PBXBuildFile; fileRef = 6EE918010F19872BDB72D6A9 /* GameState.swift */; };
		3996CC999792FAF7FF726D80 /* CampArtwork.swift in Sources */ = {isa = PBXBuildFile; fileRef = 5EBFEF35B725F4BDB401AF46 /* CampArtwork.swift */; };
		3F8C3E2E4A9F36FD8424923A /* SwiftUI.framework in Frameworks */ = {isa = PBXBuildFile; fileRef = 5A4D375C7D7DB52DCEBBF43F /* SwiftUI.framework */; };
		47BA752A69F0E6284EA2D5FD /* Upgrade.swift in Sources */ = {isa = PBXBuildFile; fileRef = BACAB4991C69E838D4B2D6D1 /* Upgrade.swift */; };
		605BBC358D88CA2EB908E0B0 /* HomeView.swift in Sources */ = {isa = PBXBuildFile; fileRef = F293A5BC1C86D70880118DF0 /* HomeView.swift */; };
		6A84804746A101E1446CE694 /* HealthBonusService.swift in Sources */ = {isa = PBXBuildFile; fileRef = 4A5F5F256709E1075FE6D261 /* HealthBonusService.swift */; };
		6C559E13187805E442CE6EF4 /* Upgrade.swift in Sources */ = {isa = PBXBuildFile; fileRef = BACAB4991C69E838D4B2D6D1 /* Upgrade.swift */; };
		6D6C0DD985A6EF41BAB82D1C /* GameStore.swift in Sources */ = {isa = PBXBuildFile; fileRef = D99B2F6DFBD83D86E73AB977 /* GameStore.swift */; };
		6FD99A59FB5C3D4A5D9D9E23 /* WorldTheme.swift in Sources */ = {isa = PBXBuildFile; fileRef = 46F289447A18E07C2F3F0A8E /* WorldTheme.swift */; };
		75BC3F6566FF665B1C92C7C4 /* SessionLog.swift in Sources */ = {isa = PBXBuildFile; fileRef = 31A93618723EACD327F01B23 /* SessionLog.swift */; };
		7851251486BCBA0A15DB87CF /* ActivityKit.framework in Frameworks */ = {isa = PBXBuildFile; fileRef = 22E8BC9F499FF6F5CB1BAF6A /* ActivityKit.framework */; };
		84238806DA07F80972761AFB /* CampArtwork.swift in Sources */ = {isa = PBXBuildFile; fileRef = 5EBFEF35B725F4BDB401AF46 /* CampArtwork.swift */; };
		84B3C9D26765FEAB1EF5729D /* IdleWorldWidgetBundle.swift in Sources */ = {isa = PBXBuildFile; fileRef = BDFE93AE2E10F427528EA232 /* IdleWorldWidgetBundle.swift */; };
		8B8497C8A88957B880D6D403 /* ActivityKit.framework in Frameworks */ = {isa = PBXBuildFile; fileRef = 22E8BC9F499FF6F5CB1BAF6A /* ActivityKit.framework */; };
		8C4E7F037DF6710E9C40F0F2 /* DeepFocusLiveActivity.swift in Sources */ = {isa = PBXBuildFile; fileRef = E07BC6981CFFA7829497A710 /* DeepFocusLiveActivity.swift */; };
		8F10F43477270649D36C0755 /* GameStore.swift in Sources */ = {isa = PBXBuildFile; fileRef = D99B2F6DFBD83D86E73AB977 /* GameStore.swift */; };
		98890734B0FBBD387EEB193A /* AppConfig.swift in Sources */ = {isa = PBXBuildFile; fileRef = A3384472E0E1EFEC92F1B0E7 /* AppConfig.swift */; };
		9B8ABBA4C400C8FF1D829280 /* Foundation.framework in Frameworks */ = {isa = PBXBuildFile; fileRef = F1A6F51A68259CD7D5E02F04 /* Foundation.framework */; };
		9D5CC8EB5A36A26E13DF28EC /* AppConfig.swift in Sources */ = {isa = PBXBuildFile; fileRef = A3384472E0E1EFEC92F1B0E7 /* AppConfig.swift */; };
		9E4BD30A98889DFD8365FA22 /* DeepFocusActivityAttributes.swift in Sources */ = {isa = PBXBuildFile; fileRef = C49A20CBD3812B0BE4FFBC4F /* DeepFocusActivityAttributes.swift */; };
		A119F5317DA70FD1643DEC52 /* HealthKit.framework in Frameworks */ = {isa = PBXBuildFile; fileRef = 7672EC7D7A825A14AA4416DD /* HealthKit.framework */; };
		A16064360D878D1E1DD073D0 /* FocusSessionPlan.swift in Sources */ = {isa = PBXBuildFile; fileRef = 7340492F37DFC6A01FA96A15 /* FocusSessionPlan.swift */; };
		A5E0108128DCE82EA9F8BF40 /* Foundation.framework in Frameworks */ = {isa = PBXBuildFile; fileRef = F1A6F51A68259CD7D5E02F04 /* Foundation.framework */; };
		A6DBF4706A402D1EB1B722A7 /* AppTheme.swift in Sources */ = {isa = PBXBuildFile; fileRef = 00679D846935ED2876A49D72 /* AppTheme.swift */; };
		A7446A59C115A468728CB021 /* DeepFocusActivityAttributes.swift in Sources */ = {isa = PBXBuildFile; fileRef = C49A20CBD3812B0BE4FFBC4F /* DeepFocusActivityAttributes.swift */; };
		AFFD070221AC4AF4D8315188 /* GameState.swift in Sources */ = {isa = PBXBuildFile; fileRef = 6EE918010F19872BDB72D6A9 /* GameState.swift */; };
		B143827B2D251BC757547509 /* IdleWorldApp.swift in Sources */ = {isa = PBXBuildFile; fileRef = 3D658E7FE0F78BA70C49556F /* IdleWorldApp.swift */; };
		B9359A1C8039561DDA78E761 /* WidgetStore.swift in Sources */ = {isa = PBXBuildFile; fileRef = D043A867489240D75E3EE4FA /* WidgetStore.swift */; };
		B9CD9D0995C5BD6C7644FD7F /* Haptics.swift in Sources */ = {isa = PBXBuildFile; fileRef = EEBBA47B42E426C6CC525609 /* Haptics.swift */; };
		C2A3A6BA76E22E02E960CF88 /* PostcardRenderer.swift in Sources */ = {isa = PBXBuildFile; fileRef = BF05CCB2A5FA03306FFFD416 /* PostcardRenderer.swift */; };
		C3D9AD70BF82821BE0659630 /* FocusSessionManager.swift in Sources */ = {isa = PBXBuildFile; fileRef = CBD52A43D83D1E76A5A62833 /* FocusSessionManager.swift */; };
		CF5DE92083EB72D74E412A45 /* WidgetKit.framework in Frameworks */ = {isa = PBXBuildFile; fileRef = 053D1FD6F4525D2BB035EC49 /* WidgetKit.framework */; };
		D2029CEDE8D336ABA21E2377 /* AppTheme.swift in Sources */ = {isa = PBXBuildFile; fileRef = 00679D846935ED2876A49D72 /* AppTheme.swift */; };
		D3EDF9F49B3164113795D36E /* IdleWorldWidgetExtension.appex in Embed Foundation Extensions */ = {isa = PBXBuildFile; fileRef = A2EA3E5F7A8CE15777ED5A34 /* IdleWorldWidgetExtension.appex */; };
		D456F322752D3C163716D142 /* OnboardingView.swift in Sources */ = {isa = PBXBuildFile; fileRef = C431501C1F923E522B9A69F8 /* OnboardingView.swift */; };
		DAE0D3ABC7F948F5CB85BA09 /* SessionLog.swift in Sources */ = {isa = PBXBuildFile; fileRef = 31A93618723EACD327F01B23 /* SessionLog.swift */; };
		DB9ED51840714DB06C397053 /* Assets.xcassets in Resources */ = {isa = PBXBuildFile; fileRef = 03D9A93F215B9AF2E9C95ADB /* Assets.xcassets */; };
		DC51D45451BBCEC1BB495D85 /* SwiftUI.framework in Frameworks */ = {isa = PBXBuildFile; fileRef = 5A4D375C7D7DB52DCEBBF43F /* SwiftUI.framework */; };
		E028EE3E58201C089EBA9B34 /* FocusSessionManager.swift in Sources */ = {isa = PBXBuildFile; fileRef = CBD52A43D83D1E76A5A62833 /* FocusSessionManager.swift */; };
		E5BD04C0CE8E78C045867A43 /* WorldTheme.swift in Sources */ = {isa = PBXBuildFile; fileRef = 46F289447A18E07C2F3F0A8E /* WorldTheme.swift */; };
		F1D8FBEFF93FE5F77638AD12 /* ShopView.swift in Sources */ = {isa = PBXBuildFile; fileRef = 84A4276B5EA4B284A2B1777E /* ShopView.swift */; };
		FE558C51A3953C403796A23C /* FocusSessionPlan.swift in Sources */ = {isa = PBXBuildFile; fileRef = 7340492F37DFC6A01FA96A15 /* FocusSessionPlan.swift */; };
/* End PBXBuildFile section */

/* Begin PBXCopyFilesBuildPhase section */
		586D1194851A3D1B7BAE44C6 /* Embed Foundation Extensions */ = {
			isa = PBXCopyFilesBuildPhase;
			buildActionMask = 2147483647;
			dstPath = "";
			dstSubfolderSpec = 13;
			files = (
				D3EDF9F49B3164113795D36E /* IdleWorldWidgetExtension.appex in Embed Foundation Extensions */,
			);
			name = "Embed Foundation Extensions";
			runOnlyForDeploymentPostprocessing = 0;
		};
/* End PBXCopyFilesBuildPhase section */

/* Begin PBXFileReference section */
		00679D846935ED2876A49D72 /* AppTheme.swift */ = {isa = PBXFileReference; includeInIndex = 1; lastKnownFileType = sourcecode.swift; path = AppTheme.swift; sourceTree = "<group>"; };
		03D9A93F215B9AF2E9C95ADB /* Assets.xcassets */ = {isa = PBXFileReference; includeInIndex = 1; lastKnownFileType = folder.assetcatalog; path = Assets.xcassets; sourceTree = "<group>"; };
		053D1FD6F4525D2BB035EC49 /* WidgetKit.framework */ = {isa = PBXFileReference; lastKnownFileType = wrapper.framework; name = WidgetKit.framework; path = System/Library/Frameworks/WidgetKit.framework; sourceTree = "<group>"; };
		22E8BC9F499FF6F5CB1BAF6A /* ActivityKit.framework */ = {isa = PBXFileReference; lastKnownFileType = wrapper.framework; name = ActivityKit.framework; path = System/Library/Frameworks/ActivityKit.framework; sourceTree = "<group>"; };
		31A93618723EACD327F01B23 /* SessionLog.swift */ = {isa = PBXFileReference; includeInIndex = 1; lastKnownFileType = sourcecode.swift; path = SessionLog.swift; sourceTree = "<group>"; };
		3D658E7FE0F78BA70C49556F /* IdleWorldApp.swift */ = {isa = PBXFileReference; includeInIndex = 1; lastKnownFileType = sourcecode.swift; path = IdleWorldApp.swift; sourceTree = "<group>"; };
		46F289447A18E07C2F3F0A8E /* WorldTheme.swift */ = {isa = PBXFileReference; includeInIndex = 1; lastKnownFileType = sourcecode.swift; path = WorldTheme.swift; sourceTree = "<group>"; };
		4A5F5F256709E1075FE6D261 /* HealthBonusService.swift */ = {isa = PBXFileReference; includeInIndex = 1; lastKnownFileType = sourcecode.swift; path = HealthBonusService.swift; sourceTree = "<group>"; };
		5A4D375C7D7DB52DCEBBF43F /* SwiftUI.framework */ = {isa = PBXFileReference; lastKnownFileType = wrapper.framework; name = SwiftUI.framework; path = System/Library/Frameworks/SwiftUI.framework; sourceTree = "<group>"; };
		5EBFEF35B725F4BDB401AF46 /* CampArtwork.swift */ = {isa = PBXFileReference; includeInIndex = 1; lastKnownFileType = sourcecode.swift; path = CampArtwork.swift; sourceTree = "<group>"; };
		6EE918010F19872BDB72D6A9 /* GameState.swift */ = {isa = PBXFileReference; includeInIndex = 1; lastKnownFileType = sourcecode.swift; path = GameState.swift; sourceTree = "<group>"; };
		7340492F37DFC6A01FA96A15 /* FocusSessionPlan.swift */ = {isa = PBXFileReference; includeInIndex = 1; lastKnownFileType = sourcecode.swift; path = FocusSessionPlan.swift; sourceTree = "<group>"; };
		7672EC7D7A825A14AA4416DD /* HealthKit.framework */ = {isa = PBXFileReference; lastKnownFileType = wrapper.framework; name = HealthKit.framework; path = System/Library/Frameworks/HealthKit.framework; sourceTree = "<group>"; };
		7E471DA2526411FEBD4383D5 /* IdleWorldWidget.swift */ = {isa = PBXFileReference; includeInIndex = 1; lastKnownFileType = sourcecode.swift; path = IdleWorldWidget.swift; sourceTree = "<group>"; };
		83CD9100935F31FD663B8223 /* RootView.swift */ = {isa = PBXFileReference; includeInIndex = 1; lastKnownFileType = sourcecode.swift; path = RootView.swift; sourceTree = "<group>"; };
		84A4276B5EA4B284A2B1777E /* ShopView.swift */ = {isa = PBXFileReference; includeInIndex = 1; lastKnownFileType = sourcecode.swift; path = ShopView.swift; sourceTree = "<group>"; };
		A2EA3E5F7A8CE15777ED5A34 /* IdleWorldWidgetExtension.appex */ = {isa = PBXFileReference; explicitFileType = "wrapper.app-extension"; includeInIndex = 0; path = IdleWorldWidgetExtension.appex; sourceTree = BUILT_PRODUCTS_DIR; };
		A3384472E0E1EFEC92F1B0E7 /* AppConfig.swift */ = {isa = PBXFileReference; includeInIndex = 1; lastKnownFileType = sourcecode.swift; path = AppConfig.swift; sourceTree = "<group>"; };
		BACAB4991C69E838D4B2D6D1 /* Upgrade.swift */ = {isa = PBXFileReference; includeInIndex = 1; lastKnownFileType = sourcecode.swift; path = Upgrade.swift; sourceTree = "<group>"; };
		BDFE93AE2E10F427528EA232 /* IdleWorldWidgetBundle.swift */ = {isa = PBXFileReference; includeInIndex = 1; lastKnownFileType = sourcecode.swift; path = IdleWorldWidgetBundle.swift; sourceTree = "<group>"; };
		BF05CCB2A5FA03306FFFD416 /* PostcardRenderer.swift */ = {isa = PBXFileReference; includeInIndex = 1; lastKnownFileType = sourcecode.swift; path = PostcardRenderer.swift; sourceTree = "<group>"; };
		C431501C1F923E522B9A69F8 /* OnboardingView.swift */ = {isa = PBXFileReference; includeInIndex = 1; lastKnownFileType = sourcecode.swift; path = OnboardingView.swift; sourceTree = "<group>"; };
		C49A20CBD3812B0BE4FFBC4F /* DeepFocusActivityAttributes.swift */ = {isa = PBXFileReference; includeInIndex = 1; lastKnownFileType = sourcecode.swift; path = DeepFocusActivityAttributes.swift; sourceTree = "<group>"; };
		CBD52A43D83D1E76A5A62833 /* FocusSessionManager.swift */ = {isa = PBXFileReference; includeInIndex = 1; lastKnownFileType = sourcecode.swift; path = FocusSessionManager.swift; sourceTree = "<group>"; };
		D043A867489240D75E3EE4FA /* WidgetStore.swift */ = {isa = PBXFileReference; includeInIndex = 1; lastKnownFileType = sourcecode.swift; path = WidgetStore.swift; sourceTree = "<group>"; };
		D99B2F6DFBD83D86E73AB977 /* GameStore.swift */ = {isa = PBXFileReference; includeInIndex = 1; lastKnownFileType = sourcecode.swift; path = GameStore.swift; sourceTree = "<group>"; };
		E07BC6981CFFA7829497A710 /* DeepFocusLiveActivity.swift */ = {isa = PBXFileReference; includeInIndex = 1; lastKnownFileType = sourcecode.swift; path = DeepFocusLiveActivity.swift; sourceTree = "<group>"; };
		EAD897C77AE50A4D4114B279 /* IdleWorld.app */ = {isa = PBXFileReference; explicitFileType = wrapper.application; includeInIndex = 0; path = IdleWorld.app; sourceTree = BUILT_PRODUCTS_DIR; };
		EEBBA47B42E426C6CC525609 /* Haptics.swift */ = {isa = PBXFileReference; includeInIndex = 1; lastKnownFileType = sourcecode.swift; path = Haptics.swift; sourceTree = "<group>"; };
		F1A6F51A68259CD7D5E02F04 /* Foundation.framework */ = {isa = PBXFileReference; lastKnownFileType = wrapper.framework; name = Foundation.framework; path = Platforms/iPhoneOS.platform/Developer/SDKs/iPhoneOS18.0.sdk/System/Library/Frameworks/Foundation.framework; sourceTree = DEVELOPER_DIR; };
		F293A5BC1C86D70880118DF0 /* HomeView.swift */ = {isa = PBXFileReference; includeInIndex = 1; lastKnownFileType = sourcecode.swift; path = HomeView.swift; sourceTree = "<group>"; };
/* End PBXFileReference section */

/* Begin PBXFrameworksBuildPhase section */
		30BE00EF95EAE6F4DE604F84 /* Frameworks */ = {
			isa = PBXFrameworksBuildPhase;
			buildActionMask = 2147483647;
			files = (
				A5E0108128DCE82EA9F8BF40 /* Foundation.framework in Frameworks */,
				8B8497C8A88957B880D6D403 /* ActivityKit.framework in Frameworks */,
				3F8C3E2E4A9F36FD8424923A /* SwiftUI.framework in Frameworks */,
				CF5DE92083EB72D74E412A45 /* WidgetKit.framework in Frameworks */,
				A119F5317DA70FD1643DEC52 /* HealthKit.framework in Frameworks */,
			);
			runOnlyForDeploymentPostprocessing = 0;
		};
		A7A9A994BA906E27475851BD /* Frameworks */ = {
			isa = PBXFrameworksBuildPhase;
			buildActionMask = 2147483647;
			files = (
				9B8ABBA4C400C8FF1D829280 /* Foundation.framework in Frameworks */,
				7851251486BCBA0A15DB87CF /* ActivityKit.framework in Frameworks */,
				DC51D45451BBCEC1BB495D85 /* SwiftUI.framework in Frameworks */,
				1EF40A72980F29E29EA9B506 /* WidgetKit.framework in Frameworks */,
			);
			runOnlyForDeploymentPostprocessing = 0;
		};
/* End PBXFrameworksBuildPhase section */

/* Begin PBXGroup section */
		23E06B1C4368F40BD54D952A = {
			isa = PBXGroup;
			children = (
				8402BC91A3CF275CE5EBFA0B /* Products */,
				C4F7C4FCAFBC16BCCC94C2CD /* Frameworks */,
				B9187B8A5AF1BF86D23FA387 /* App */,
				33C6DA47268338714628F0A3 /* Shared */,
				715CCEF46158DA9185CF3F27 /* WidgetExtension */,
			);
			sourceTree = "<group>";
		};
		2698D717F4907C6038236315 /* Theme */ = {
			isa = PBXGroup;
			children = (
				00679D846935ED2876A49D72 /* AppTheme.swift */,
			);
			path = Theme;
			sourceTree = "<group>";
		};
		33C6DA47268338714628F0A3 /* Shared */ = {
			isa = PBXGroup;
			children = (
				C389484AC01EA9106869E393 /* Activities */,
				7A04579000AD4E26D7E044CD /* Models */,
				43AB4FB24C8A9DF698DD316A /* Services */,
				D941EE07FA68DA4EF1B9E05D /* Storage */,
				FC89C517C7A7376C5BB14A7A /* Support */,
				2698D717F4907C6038236315 /* Theme */,
				4522A86A8DC7EC004A7F79B4 /* UI */,
			);
			path = Shared;
			sourceTree = "<group>";
		};
		3C4563813C57B6B648C81D7A /* Home */ = {
			isa = PBXGroup;
			children = (
				F293A5BC1C86D70880118DF0 /* HomeView.swift */,
			);
			path = Home;
			sourceTree = "<group>";
		};
		43AB4FB24C8A9DF698DD316A /* Services */ = {
			isa = PBXGroup;
			children = (
				CBD52A43D83D1E76A5A62833 /* FocusSessionManager.swift */,
				4A5F5F256709E1075FE6D261 /* HealthBonusService.swift */,
				BF05CCB2A5FA03306FFFD416 /* PostcardRenderer.swift */,
			);
			path = Services;
			sourceTree = "<group>";
		};
		4522A86A8DC7EC004A7F79B4 /* UI */ = {
			isa = PBXGroup;
			children = (
				5EBFEF35B725F4BDB401AF46 /* CampArtwork.swift */,
			);
			path = UI;
			sourceTree = "<group>";
		};
		5E7DFDFCFC54B34045911F19 /* Onboarding */ = {
			isa = PBXGroup;
			children = (
				C431501C1F923E522B9A69F8 /* OnboardingView.swift */,
			);
			path = Onboarding;
			sourceTree = "<group>";
		};
		715CCEF46158DA9185CF3F27 /* WidgetExtension */ = {
			isa = PBXGroup;
			children = (
				E07BC6981CFFA7829497A710 /* DeepFocusLiveActivity.swift */,
				7E471DA2526411FEBD4383D5 /* IdleWorldWidget.swift */,
				BDFE93AE2E10F427528EA232 /* IdleWorldWidgetBundle.swift */,
				D043A867489240D75E3EE4FA /* WidgetStore.swift */,
			);
			path = WidgetExtension;
			sourceTree = "<group>";
		};
		7A04579000AD4E26D7E044CD /* Models */ = {
			isa = PBXGroup;
			children = (
				7340492F37DFC6A01FA96A15 /* FocusSessionPlan.swift */,
				6EE918010F19872BDB72D6A9 /* GameState.swift */,
				31A93618723EACD327F01B23 /* SessionLog.swift */,
				BACAB4991C69E838D4B2D6D1 /* Upgrade.swift */,
				46F289447A18E07C2F3F0A8E /* WorldTheme.swift */,
			);
			path = Models;
			sourceTree = "<group>";
		};
		8402BC91A3CF275CE5EBFA0B /* Products */ = {
			isa = PBXGroup;
			children = (
				EAD897C77AE50A4D4114B279 /* IdleWorld.app */,
				A2EA3E5F7A8CE15777ED5A34 /* IdleWorldWidgetExtension.appex */,
			);
			name = Products;
			sourceTree = "<group>";
		};
		881CDAAA929AC376983CEAF8 /* iOS */ = {
			isa = PBXGroup;
			children = (
				F1A6F51A68259CD7D5E02F04 /* Foundation.framework */,
			);
			name = iOS;
			sourceTree = "<group>";
		};
		B5EDAA5F9A6DA9F1957F8B2E /* Features */ = {
			isa = PBXGroup;
			children = (
				3C4563813C57B6B648C81D7A /* Home */,
				5E7DFDFCFC54B34045911F19 /* Onboarding */,
				F8EDE2371415BF24BD81F053 /* Shop */,
			);
			path = Features;
			sourceTree = "<group>";
		};
		B9187B8A5AF1BF86D23FA387 /* App */ = {
			isa = PBXGroup;
			children = (
				B5EDAA5F9A6DA9F1957F8B2E /* Features */,
				3D658E7FE0F78BA70C49556F /* IdleWorldApp.swift */,
				83CD9100935F31FD663B8223 /* RootView.swift */,
				03D9A93F215B9AF2E9C95ADB /* Assets.xcassets */,
			);
			path = App;
			sourceTree = "<group>";
		};
		C389484AC01EA9106869E393 /* Activities */ = {
			isa = PBXGroup;
			children = (
				C49A20CBD3812B0BE4FFBC4F /* DeepFocusActivityAttributes.swift */,
			);
			path = Activities;
			sourceTree = "<group>";
		};
		C4F7C4FCAFBC16BCCC94C2CD /* Frameworks */ = {
			isa = PBXGroup;
			children = (
				881CDAAA929AC376983CEAF8 /* iOS */,
				22E8BC9F499FF6F5CB1BAF6A /* ActivityKit.framework */,
				5A4D375C7D7DB52DCEBBF43F /* SwiftUI.framework */,
				053D1FD6F4525D2BB035EC49 /* WidgetKit.framework */,
				7672EC7D7A825A14AA4416DD /* HealthKit.framework */,
			);
			name = Frameworks;
			sourceTree = "<group>";
		};
		D941EE07FA68DA4EF1B9E05D /* Storage */ = {
			isa = PBXGroup;
			children = (
				D99B2F6DFBD83D86E73AB977 /* GameStore.swift */,
			);
			path = Storage;
			sourceTree = "<group>";
		};
		F8EDE2371415BF24BD81F053 /* Shop */ = {
			isa = PBXGroup;
			children = (
				84A4276B5EA4B284A2B1777E /* ShopView.swift */,
			);
			path = Shop;
			sourceTree = "<group>";
		};
		FC89C517C7A7376C5BB14A7A /* Support */ = {
			isa = PBXGroup;
			children = (
				A3384472E0E1EFEC92F1B0E7 /* AppConfig.swift */,
				EEBBA47B42E426C6CC525609 /* Haptics.swift */,
			);
			path = Support;
			sourceTree = "<group>";
		};
/* End PBXGroup section */

/* Begin PBXNativeTarget section */
		471115B7827B8D38328E82CD /* IdleWorldWidgetExtension */ = {
			isa = PBXNativeTarget;
			buildConfigurationList = 712A129A3F80E354F01A4712 /* Build configuration list for PBXNativeTarget "IdleWorldWidgetExtension" */;
			buildPhases = (
				DFBA503BCEF1823467F646F1 /* Sources */,
				A7A9A994BA906E27475851BD /* Frameworks */,
				717C72C807215A750A6DC930 /* Resources */,
			);
			buildRules = (
			);
			dependencies = (
			);
			name = IdleWorldWidgetExtension;
			productName = IdleWorldWidgetExtension;
			productReference = A2EA3E5F7A8CE15777ED5A34 /* IdleWorldWidgetExtension.appex */;
			productType = "com.apple.product-type.app-extension";
		};
		C0906CEFA6AA010A71A713F5 /* IdleWorld */ = {
			isa = PBXNativeTarget;
			buildConfigurationList = AF3E75D6040D48FFBBEBCDAC /* Build configuration list for PBXNativeTarget "IdleWorld" */;
			buildPhases = (
				37164491FED9D50631D491B4 /* Sources */,
				30BE00EF95EAE6F4DE604F84 /* Frameworks */,
				952462BACCDB077C7E3BB785 /* Resources */,
				586D1194851A3D1B7BAE44C6 /* Embed Foundation Extensions */,
			);
			buildRules = (
			);
			dependencies = (
			);
			name = IdleWorld;
			productName = IdleWorld;
			productReference = EAD897C77AE50A4D4114B279 /* IdleWorld.app */;
			productType = "com.apple.product-type.application";
		};
/* End PBXNativeTarget section */

/* Begin PBXProject section */
		94F4264F8E23D1BFE7D4BE45 /* Project object */ = {
			isa = PBXProject;
			attributes = {
				BuildIndependentTargetsInParallel = YES;
				LastSwiftUpdateCheck = 2600;
				LastUpgradeCheck = 2650;
			};
			buildConfigurationList = A5559709A7EEC25B7F9D073C /* Build configuration list for PBXProject "IdleWorld" */;
			compatibilityVersion = "Xcode 3.2";
			developmentRegion = en;
			hasScannedForEncodings = 0;
			knownRegions = (
				en,
				Base,
			);
			mainGroup = 23E06B1C4368F40BD54D952A;
			productRefGroup = 8402BC91A3CF275CE5EBFA0B /* Products */;
			projectDirPath = "";
			projectRoot = "";
			targets = (
				C0906CEFA6AA010A71A713F5 /* IdleWorld */,
				471115B7827B8D38328E82CD /* IdleWorldWidgetExtension */,
			);
		};
/* End PBXProject section */

/* Begin PBXResourcesBuildPhase section */
		717C72C807215A750A6DC930 /* Resources */ = {
			isa = PBXResourcesBuildPhase;
			buildActionMask = 2147483647;
			files = (
			);
			runOnlyForDeploymentPostprocessing = 0;
		};
		952462BACCDB077C7E3BB785 /* Resources */ = {
			isa = PBXResourcesBuildPhase;
			buildActionMask = 2147483647;
			files = (
				DB9ED51840714DB06C397053 /* Assets.xcassets in Resources */,
			);
			runOnlyForDeploymentPostprocessing = 0;
		};
/* End PBXResourcesBuildPhase section */

/* Begin PBXSourcesBuildPhase section */
		37164491FED9D50631D491B4 /* Sources */ = {
			isa = PBXSourcesBuildPhase;
			buildActionMask = 2147483647;
			files = (
				605BBC358D88CA2EB908E0B0 /* HomeView.swift in Sources */,
				D456F322752D3C163716D142 /* OnboardingView.swift in Sources */,
				F1D8FBEFF93FE5F77638AD12 /* ShopView.swift in Sources */,
				B143827B2D251BC757547509 /* IdleWorldApp.swift in Sources */,
				1CCCFF294191693CD675D393 /* RootView.swift in Sources */,
				A7446A59C115A468728CB021 /* DeepFocusActivityAttributes.swift in Sources */,
				FE558C51A3953C403796A23C /* FocusSessionPlan.swift in Sources */,
				AFFD070221AC4AF4D8315188 /* GameState.swift in Sources */,
				75BC3F6566FF665B1C92C7C4 /* SessionLog.swift in Sources */,
				47BA752A69F0E6284EA2D5FD /* Upgrade.swift in Sources */,
				E5BD04C0CE8E78C045867A43 /* WorldTheme.swift in Sources */,
				C3D9AD70BF82821BE0659630 /* FocusSessionManager.swift in Sources */,
				6A84804746A101E1446CE694 /* HealthBonusService.swift in Sources */,
				C2A3A6BA76E22E02E960CF88 /* PostcardRenderer.swift in Sources */,
				6D6C0DD985A6EF41BAB82D1C /* GameStore.swift in Sources */,
				98890734B0FBBD387EEB193A /* AppConfig.swift in Sources */,
				B9CD9D0995C5BD6C7644FD7F /* Haptics.swift in Sources */,
				D2029CEDE8D336ABA21E2377 /* AppTheme.swift in Sources */,
				3996CC999792FAF7FF726D80 /* CampArtwork.swift in Sources */,
			);
			runOnlyForDeploymentPostprocessing = 0;
		};
		DFBA503BCEF1823467F646F1 /* Sources */ = {
			isa = PBXSourcesBuildPhase;
			buildActionMask = 2147483647;
			files = (
				9E4BD30A98889DFD8365FA22 /* DeepFocusActivityAttributes.swift in Sources */,
				A16064360D878D1E1DD073D0 /* FocusSessionPlan.swift in Sources */,
				37D07C2332613FBCA779E87B /* GameState.swift in Sources */,
				DAE0D3ABC7F948F5CB85BA09 /* SessionLog.swift in Sources */,
				6C559E13187805E442CE6EF4 /* Upgrade.swift in Sources */,
				6FD99A59FB5C3D4A5D9D9E23 /* WorldTheme.swift in Sources */,
				E028EE3E58201C089EBA9B34 /* FocusSessionManager.swift in Sources */,
				8F10F43477270649D36C0755 /* GameStore.swift in Sources */,
				9D5CC8EB5A36A26E13DF28EC /* AppConfig.swift in Sources */,
				2BD72D71D91D7BD86AB485D7 /* Haptics.swift in Sources */,
				A6DBF4706A402D1EB1B722A7 /* AppTheme.swift in Sources */,
				84238806DA07F80972761AFB /* CampArtwork.swift in Sources */,
				8C4E7F037DF6710E9C40F0F2 /* DeepFocusLiveActivity.swift in Sources */,
				161F1BEA3DD72A09E013577C /* IdleWorldWidget.swift in Sources */,
				84B3C9D26765FEAB1EF5729D /* IdleWorldWidgetBundle.swift in Sources */,
				B9359A1C8039561DDA78E761 /* WidgetStore.swift in Sources */,
			);
			runOnlyForDeploymentPostprocessing = 0;
		};
/* End PBXSourcesBuildPhase section */

/* Begin XCBuildConfiguration section */
		1B8EC1C66DD4D7841D1A04E4 /* Debug */ = {
			isa = XCBuildConfiguration;
			buildSettings = {
				APPLICATION_EXTENSION_API_ONLY = YES;
				ASSETCATALOG_COMPILER_GENERATE_SWIFT_ASSET_SYMBOL_EXTENSIONS = YES;
				CLANG_ENABLE_OBJC_WEAK = NO;
				CODE_SIGN_ENTITLEMENTS = Config/IdleWorldWidget.entitlements;
				CODE_SIGN_STYLE = Automatic;
				CURRENT_PROJECT_VERSION = 1;
				GENERATE_INFOPLIST_FILE = NO;
				INFOPLIST_FILE = WidgetExtension/Info.plist;
				IPHONEOS_DEPLOYMENT_TARGET = 17.0;
				MARKETING_VERSION = 1.0;
				PRODUCT_BUNDLE_IDENTIFIER = com.finreeal.idleworld.widget;
				PRODUCT_NAME = "$(TARGET_NAME)";
				SDKROOT = iphoneos;
				SKIP_INSTALL = YES;
				SWIFT_VERSION = 5.0;
			};
			name = Debug;
		};
		30A6D7091ADB567474E3AF84 /* Debug */ = {
			isa = XCBuildConfiguration;
			buildSettings = {
				ALWAYS_SEARCH_USER_PATHS = NO;
				CLANG_ANALYZER_NONNULL = YES;
				CLANG_ANALYZER_NUMBER_OBJECT_CONVERSION = YES_AGGRESSIVE;
				CLANG_CXX_LANGUAGE_STANDARD = "gnu++14";
				CLANG_CXX_LIBRARY = "libc++";
				CLANG_ENABLE_MODULES = YES;
				CLANG_ENABLE_OBJC_ARC = YES;
				CLANG_ENABLE_OBJC_WEAK = YES;
				CLANG_WARN_BLOCK_CAPTURE_AUTORELEASING = YES;
				CLANG_WARN_BOOL_CONVERSION = YES;
				CLANG_WARN_COMMA = YES;
				CLANG_WARN_CONSTANT_CONVERSION = YES;
				CLANG_WARN_DEPRECATED_OBJC_IMPLEMENTATIONS = YES;
				CLANG_WARN_DIRECT_OBJC_ISA_USAGE = YES_ERROR;
				CLANG_WARN_DOCUMENTATION_COMMENTS = YES;
				CLANG_WARN_EMPTY_BODY = YES;
				CLANG_WARN_ENUM_CONVERSION = YES;
				CLANG_WARN_INFINITE_RECURSION = YES;
				CLANG_WARN_INT_CONVERSION = YES;
				CLANG_WARN_NON_LITERAL_NULL_CONVERSION = YES;
				CLANG_WARN_OBJC_IMPLICIT_RETAIN_SELF = YES;
				CLANG_WARN_OBJC_LITERAL_CONVERSION = YES;
				CLANG_WARN_OBJC_ROOT_CLASS = YES_ERROR;
				CLANG_WARN_QUOTED_INCLUDE_IN_FRAMEWORK_HEADER = YES;
				CLANG_WARN_RANGE_LOOP_ANALYSIS = YES;
				CLANG_WARN_STRICT_PROTOTYPES = YES;
				CLANG_WARN_SUSPICIOUS_MOVE = YES;
				CLANG_WARN_UNGUARDED_AVAILABILITY = YES_AGGRESSIVE;
				CLANG_WARN_UNREACHABLE_CODE = YES;
				CLANG_WARN__DUPLICATE_METHOD_MATCH = YES;
				COPY_PHASE_STRIP = NO;
				DEAD_CODE_STRIPPING = YES;
				DEBUG_INFORMATION_FORMAT = dwarf;
				DEVELOPMENT_TEAM = VTJL2NTSKP;
				ENABLE_STRICT_OBJC_MSGSEND = YES;
				ENABLE_TESTABILITY = YES;
				ENABLE_USER_SCRIPT_SANDBOXING = YES;
				GCC_C_LANGUAGE_STANDARD = gnu11;
				GCC_DYNAMIC_NO_PIC = NO;
				GCC_NO_COMMON_BLOCKS = YES;
				GCC_OPTIMIZATION_LEVEL = 0;
				GCC_PREPROCESSOR_DEFINITIONS = (
					"DEBUG=1",
					"$(inherited)",
				);
				GCC_WARN_64_TO_32_BIT_CONVERSION = YES;
				GCC_WARN_ABOUT_RETURN_TYPE = YES_ERROR;
				GCC_WARN_UNDECLARED_SELECTOR = YES;
				GCC_WARN_UNINITIALIZED_AUTOS = YES_AGGRESSIVE;
				GCC_WARN_UNUSED_FUNCTION = YES;
				GCC_WARN_UNUSED_VARIABLE = YES;
				IPHONEOS_DEPLOYMENT_TARGET = 17.0;
				MTL_ENABLE_DEBUG_INFO = INCLUDE_SOURCE;
				MTL_FAST_MATH = YES;
				ONLY_ACTIVE_ARCH = YES;
				PRODUCT_NAME = "$(TARGET_NAME)";
				STRING_CATALOG_GENERATE_SYMBOLS = YES;
				SWIFT_ACTIVE_COMPILATION_CONDITIONS = DEBUG;
				SWIFT_OPTIMIZATION_LEVEL = "-Onone";
				SWIFT_VERSION = 5.0;
			};
			name = Debug;
		};
		800F7F5C504D7CDB48BE6635 /* Release */ = {
			isa = XCBuildConfiguration;
			buildSettings = {
				ALWAYS_SEARCH_USER_PATHS = NO;
				CLANG_ANALYZER_NONNULL = YES;
				CLANG_ANALYZER_NUMBER_OBJECT_CONVERSION = YES_AGGRESSIVE;
				CLANG_CXX_LANGUAGE_STANDARD = "gnu++14";
				CLANG_CXX_LIBRARY = "libc++";
				CLANG_ENABLE_MODULES = YES;
				CLANG_ENABLE_OBJC_ARC = YES;
				CLANG_ENABLE_OBJC_WEAK = YES;
				CLANG_WARN_BLOCK_CAPTURE_AUTORELEASING = YES;
				CLANG_WARN_BOOL_CONVERSION = YES;
				CLANG_WARN_COMMA = YES;
				CLANG_WARN_CONSTANT_CONVERSION = YES;
				CLANG_WARN_DEPRECATED_OBJC_IMPLEMENTATIONS = YES;
				CLANG_WARN_DIRECT_OBJC_ISA_USAGE = YES_ERROR;
				CLANG_WARN_DOCUMENTATION_COMMENTS = YES;
				CLANG_WARN_EMPTY_BODY = YES;
				CLANG_WARN_ENUM_CONVERSION = YES;
				CLANG_WARN_INFINITE_RECURSION = YES;
				CLANG_WARN_INT_CONVERSION = YES;
				CLANG_WARN_NON_LITERAL_NULL_CONVERSION = YES;
				CLANG_WARN_OBJC_IMPLICIT_RETAIN_SELF = YES;
				CLANG_WARN_OBJC_LITERAL_CONVERSION = YES;
				CLANG_WARN_OBJC_ROOT_CLASS = YES_ERROR;
				CLANG_WARN_QUOTED_INCLUDE_IN_FRAMEWORK_HEADER = YES;
				CLANG_WARN_RANGE_LOOP_ANALYSIS = YES;
				CLANG_WARN_STRICT_PROTOTYPES = YES;
				CLANG_WARN_SUSPICIOUS_MOVE = YES;
				CLANG_WARN_UNGUARDED_AVAILABILITY = YES_AGGRESSIVE;
				CLANG_WARN_UNREACHABLE_CODE = YES;
				CLANG_WARN__DUPLICATE_METHOD_MATCH = YES;
				COPY_PHASE_STRIP = NO;
				DEAD_CODE_STRIPPING = YES;
				DEBUG_INFORMATION_FORMAT = "dwarf-with-dsym";
				DEVELOPMENT_TEAM = VTJL2NTSKP;
				ENABLE_NS_ASSERTIONS = NO;
				ENABLE_STRICT_OBJC_MSGSEND = YES;
				ENABLE_USER_SCRIPT_SANDBOXING = YES;
				GCC_C_LANGUAGE_STANDARD = gnu11;
				GCC_NO_COMMON_BLOCKS = YES;
				GCC_WARN_64_TO_32_BIT_CONVERSION = YES;
				GCC_WARN_ABOUT_RETURN_TYPE = YES_ERROR;
				GCC_WARN_UNDECLARED_SELECTOR = YES;
				GCC_WARN_UNINITIALIZED_AUTOS = YES_AGGRESSIVE;
				GCC_WARN_UNUSED_FUNCTION = YES;
				GCC_WARN_UNUSED_VARIABLE = YES;
				IPHONEOS_DEPLOYMENT_TARGET = 17.0;
				MTL_ENABLE_DEBUG_INFO = NO;
				MTL_FAST_MATH = YES;
				PRODUCT_NAME = "$(TARGET_NAME)";
				STRING_CATALOG_GENERATE_SYMBOLS = YES;
				SWIFT_COMPILATION_MODE = wholemodule;
				SWIFT_OPTIMIZATION_LEVEL = "-O";
				SWIFT_VERSION = 5.0;
			};
			name = Release;
		};
		B4F07243C42D950479A3D32B /* Release */ = {
			isa = XCBuildConfiguration;
			buildSettings = {
				APPLICATION_EXTENSION_API_ONLY = YES;
				ASSETCATALOG_COMPILER_GENERATE_SWIFT_ASSET_SYMBOL_EXTENSIONS = YES;
				CLANG_ENABLE_OBJC_WEAK = NO;
				CODE_SIGN_ENTITLEMENTS = Config/IdleWorldWidget.entitlements;
				CODE_SIGN_STYLE = Automatic;
				CURRENT_PROJECT_VERSION = 1;
				GENERATE_INFOPLIST_FILE = NO;
				INFOPLIST_FILE = WidgetExtension/Info.plist;
				IPHONEOS_DEPLOYMENT_TARGET = 17.0;
				MARKETING_VERSION = 1.0;
				PRODUCT_BUNDLE_IDENTIFIER = com.finreeal.idleworld.widget;
				PRODUCT_NAME = "$(TARGET_NAME)";
				SDKROOT = iphoneos;
				SKIP_INSTALL = YES;
				SWIFT_VERSION = 5.0;
				VALIDATE_PRODUCT = YES;
			};
			name = Release;
		};
		BAFC695DE29E7672F67888BA /* Release */ = {
			isa = XCBuildConfiguration;
			buildSettings = {
				ASSETCATALOG_COMPILER_APPICON_NAME = AppIcon;
				ASSETCATALOG_COMPILER_GENERATE_SWIFT_ASSET_SYMBOL_EXTENSIONS = YES;
				ASSETCATALOG_COMPILER_GLOBAL_ACCENT_COLOR_NAME = AccentColor;
				CLANG_ENABLE_OBJC_WEAK = NO;
				CODE_SIGN_ENTITLEMENTS = Config/IdleWorld.entitlements;
				CODE_SIGN_STYLE = Automatic;
				CURRENT_PROJECT_VERSION = 1;
				GENERATE_INFOPLIST_FILE = YES;
				INFOPLIST_KEY_CFBundleDisplayName = "Idle World";
				INFOPLIST_KEY_NSHealthShareUsageDescription = "Idle World uses your step count to reward real-world movement with faster camp production.";
				INFOPLIST_KEY_NSSupportsLiveActivities = YES;
				INFOPLIST_KEY_UIApplicationSceneManifest_Generation = YES;
				INFOPLIST_KEY_UIApplicationSupportsIndirectInputEvents = YES;
				INFOPLIST_KEY_UILaunchScreen_Generation = YES;
				INFOPLIST_KEY_UISupportedInterfaceOrientations_iPhone = UIInterfaceOrientationPortrait;
				IPHONEOS_DEPLOYMENT_TARGET = 17.0;
				LD_RUNPATH_SEARCH_PATHS = (
					"$(inherited)",
					"@executable_path/Frameworks",
				);
				MARKETING_VERSION = 1.0;
				PRODUCT_BUNDLE_IDENTIFIER = com.finreeal.idleworld;
				SDKROOT = iphoneos;
				SWIFT_VERSION = 5.0;
				TARGETED_DEVICE_FAMILY = 1;
				VALIDATE_PRODUCT = YES;
			};
			name = Release;
		};
		F34A90E545F3885608931CA7 /* Debug */ = {
			isa = XCBuildConfiguration;
			buildSettings = {
				ASSETCATALOG_COMPILER_APPICON_NAME = AppIcon;
				ASSETCATALOG_COMPILER_GENERATE_SWIFT_ASSET_SYMBOL_EXTENSIONS = YES;
				ASSETCATALOG_COMPILER_GLOBAL_ACCENT_COLOR_NAME = AccentColor;
				CLANG_ENABLE_OBJC_WEAK = NO;
				CODE_SIGN_ENTITLEMENTS = Config/IdleWorld.entitlements;
				CODE_SIGN_STYLE = Automatic;
				CURRENT_PROJECT_VERSION = 1;
				GENERATE_INFOPLIST_FILE = YES;
				INFOPLIST_KEY_CFBundleDisplayName = "Idle World";
				INFOPLIST_KEY_NSHealthShareUsageDescription = "Idle World uses your step count to reward real-world movement with faster camp production.";
				INFOPLIST_KEY_NSSupportsLiveActivities = YES;
				INFOPLIST_KEY_UIApplicationSceneManifest_Generation = YES;
				INFOPLIST_KEY_UIApplicationSupportsIndirectInputEvents = YES;
				INFOPLIST_KEY_UILaunchScreen_Generation = YES;
				INFOPLIST_KEY_UISupportedInterfaceOrientations_iPhone = UIInterfaceOrientationPortrait;
				IPHONEOS_DEPLOYMENT_TARGET = 17.0;
				LD_RUNPATH_SEARCH_PATHS = (
					"$(inherited)",
					"@executable_path/Frameworks",
				);
				MARKETING_VERSION = 1.0;
				PRODUCT_BUNDLE_IDENTIFIER = com.finreeal.idleworld;
				SDKROOT = iphoneos;
				SWIFT_VERSION = 5.0;
				TARGETED_DEVICE_FAMILY = 1;
			};
			name = Debug;
		};
/* End XCBuildConfiguration section */

/* Begin XCConfigurationList section */
		712A129A3F80E354F01A4712 /* Build configuration list for PBXNativeTarget "IdleWorldWidgetExtension" */ = {
			isa = XCConfigurationList;
			buildConfigurations = (
				B4F07243C42D950479A3D32B /* Release */,
				1B8EC1C66DD4D7841D1A04E4 /* Debug */,
			);
			defaultConfigurationIsVisible = 0;
			defaultConfigurationName = Release;
		};
		A5559709A7EEC25B7F9D073C /* Build configuration list for PBXProject "IdleWorld" */ = {
			isa = XCConfigurationList;
			buildConfigurations = (
				30A6D7091ADB567474E3AF84 /* Debug */,
				800F7F5C504D7CDB48BE6635 /* Release */,
			);
			defaultConfigurationIsVisible = 0;
			defaultConfigurationName = Release;
		};
		AF3E75D6040D48FFBBEBCDAC /* Build configuration list for PBXNativeTarget "IdleWorld" */ = {
			isa = XCConfigurationList;
			buildConfigurations = (
				BAFC695DE29E7672F67888BA /* Release */,
				F34A90E545F3885608931CA7 /* Debug */,
			);
			defaultConfigurationIsVisible = 0;
			defaultConfigurationName = Release;
		};
/* End XCConfigurationList section */
	};
	rootObject = 94F4264F8E23D1BFE7D4BE45 /* Project object */;
}
